{
  "name": "greenCartFrontEndPractice",
  "lockfileVersion": 3,
  "requires": true,
  "packages": {
    "": {
      "dependencies": {
        "use-local-storage": "^3.0.0"
      }
    },
    "node_modules/react": {
      "version": "19.1.0",
      "resolved": "https://registry.npmjs.org/react/-/react-19.1.0.tgz",
      "integrity": "sha512-FS+XFBNvn3GTAWq26joslQgWNoFu08F4kl0J4CgdNKADkdSGXQyTCnKteIAJy96Br6YbpEU1LSzV5dYtjMkMDg==",
      "license": "MIT",
      "peer": true,
      "engines": {
        "node": ">=0.10.0"
      }
    },
    "node_modules/use-local-storage": {
      "version": "3.0.0",
      "resolved": "https://registry.npmjs.org/use-local-storage/-/use-local-storage-3.0.0.tgz",
      "integrity": "sha512-wlPNnBCG3ULIJMr5A+dvWqLiPWCfsN1Kwijq+sAhT5yV4ex0u6XmZuNwP+RerIOfzBuz1pwSZuzhZMiluGQHfQ==",
      "license": "MIT",
      "peerDependencies": {
        "react": ">=16.8.1"
      }
    }
  }
}
